
Microsoft Visual Studio Solution File, Format Version 12.00
# Visual Studio Version 17
VisualStudioVersion = 17.0.31612.314
MinimumVisualStudioVersion = 10.0.40219.1
Project("{FAE04EC0-301F-11D3-BF4B-00C04F79EFBC}") = "NulityCrash", "NulityCrash.csproj", "{3C9F508D-2A4A-4FC1-A961-B5CEE8D46E74}"
EndProject
Global
	GlobalSection(SolutionConfigurationPlatforms) = preSolution
		Debug|Any CPU = Debug|Any CPU
		Release|Any CPU = Release|Any CPU
	EndGlobalSection
	GlobalSection(ProjectConfigurationPlatforms) = postSolution
		{3C9F508D-2A4A-4FC1-A961-B5CEE8D46E74}.Debug|Any CPU.ActiveCfg = Debug|Any CPU
		{3C9F508D-2A4A-4FC1-A961-B5CEE8D46E74}.Debug|Any CPU.Build.0 = Debug|Any CPU
		{3C9F508D-2A4A-4FC1-A961-B5CEE8D46E74}.Release|Any CPU.ActiveCfg = Release|Any CPU
		{3C9F508D-2A4A-4FC1-A961-B5CEE8D46E74}.Release|Any CPU.Build.0 = Release|Any CPU
	EndGlobalSection
	GlobalSection(SolutionProperties) = preSolution
		HideSolutionNode = FALSE
	EndGlobalSection
	GlobalSection(ExtensibilityGlobals) = postSolution
		SolutionGuid = {C7ACD05F-C1CD-4E8B-8B37-B1B10A7087FD}
	EndGlobalSection
EndGlobal
